// !$*UTF8*$!
{
	archiveVersion = 1;
	classes = {
	};
	objectVersion = 55;
	objects = {

/* Begin PBXBuildFile section */
		10C44A0E28FE8EAA00D35C83 /* AppDelegate.swift in Sources */ = {isa = PBXBuildFile; fileRef = 10C44A0D28FE8EAA00D35C83 /* AppDelegate.swift */; };
		10C44A1028FE8EAA00D35C83 /* SceneDelegate.swift in Sources */ = {isa = PBXBuildFile; fileRef = 10C44A0F28FE8EAA00D35C83 /* SceneDelegate.swift */; };
		10C44A1228FE8EAA00D35C83 /* ViewController.swift in Sources */ = {isa = PBXBuildFile; fileRef = 10C44A1128FE8EAA00D35C83 /* ViewController.swift */; };
		10C44A1528FE8EAA00D35C83 /* Main.storyboard in Resources */ = {isa = PBXBuildFile; fileRef = 10C44A1328FE8EAA00D35C83 /* Main.storyboard */; };
		10C44A1728FE8EAB00D35C83 /* Assets.xcassets in Resources */ = {isa = PBXBuildFile; fileRef = 10C44A1628FE8EAB00D35C83 /* Assets.xcassets */; };
		10C44A1A28FE8EAB00D35C83 /* LaunchScreen.storyboard in Resources */ = {isa = PBXBuildFile; fileRef = 10C44A1828FE8EAB00D35C83 /* LaunchScreen.storyboard */; };
		10C44A2928FE988E00D35C83 /* tick.mp3 in Resources */ = {isa = PBXBuildFile; fileRef = 10C44A2428FE988E00D35C83 /* tick.mp3 */; };
		10C44A2A28FE988E00D35C83 /* audio2.mp3 in Resources */ = {isa = PBXBuildFile; fileRef = 10C44A2528FE988E00D35C83 /* audio2.mp3 */; };
		10C44A2B28FE988E00D35C83 /* audio1.mp3 in Resources */ = {isa = PBXBuildFile; fileRef = 10C44A2628FE988E00D35C83 /* audio1.mp3 */; };
		10C44A2C28FE988F00D35C83 /* menuClose.mp3 in Resources */ = {isa = PBXBuildFile; fileRef = 10C44A2728FE988E00D35C83 /* menuClose.mp3 */; };
		10C44A2D28FE988F00D35C83 /* menuOpen.mp3 in Resources */ = {isa = PBXBuildFile; fileRef = 10C44A2828FE988E00D35C83 /* menuOpen.mp3 */; };
		10C44A3128FE989800D35C83 /* InfoPanel.swift in Sources */ = {isa = PBXBuildFile; fileRef = 10C44A2E28FE989800D35C83 /* InfoPanel.swift */; };
		10C44A3228FE989800D35C83 /* AstrologicalSignProvider.swift in Sources */ = {isa = PBXBuildFile; fileRef = 10C44A2F28FE989800D35C83 /* AstrologicalSignProvider.swift */; };
		10C44A3328FE989800D35C83 /* InfiniteScrollView.swift in Sources */ = {isa = PBXBuildFile; fileRef = 10C44A3028FE989800D35C83 /* InfiniteScrollView.swift */; };
		10C44A3A28FE98A200D35C83 /* MenuRings.swift in Sources */ = {isa = PBXBuildFile; fileRef = 10C44A3528FE98A200D35C83 /* MenuRings.swift */; };
		10C44A3B28FE98A200D35C83 /* MenuSelector.swift in Sources */ = {isa = PBXBuildFile; fileRef = 10C44A3628FE98A200D35C83 /* MenuSelector.swift */; };
		10C44A3C28FE98A200D35C83 /* Menu.swift in Sources */ = {isa = PBXBuildFile; fileRef = 10C44A3728FE98A200D35C83 /* Menu.swift */; };
		10C44A3D28FE98A200D35C83 /* MenuShadow.swift in Sources */ = {isa = PBXBuildFile; fileRef = 10C44A3828FE98A200D35C83 /* MenuShadow.swift */; };
		10C44A3E28FE98A200D35C83 /* MenuIcons.swift in Sources */ = {isa = PBXBuildFile; fileRef = 10C44A3928FE98A200D35C83 /* MenuIcons.swift */; };
		10C44A4528FE98B700D35C83 /* StarsBackground.swift in Sources */ = {isa = PBXBuildFile; fileRef = 10C44A4028FE98B700D35C83 /* StarsBackground.swift */; };
		10C44A4628FE98B700D35C83 /* StarsSmall.swift in Sources */ = {isa = PBXBuildFile; fileRef = 10C44A4128FE98B700D35C83 /* StarsSmall.swift */; };
		10C44A4728FE98B700D35C83 /* StarsBig.swift in Sources */ = {isa = PBXBuildFile; fileRef = 10C44A4228FE98B700D35C83 /* StarsBig.swift */; };
		10C44A4828FE98B700D35C83 /* SignLines.swift in Sources */ = {isa = PBXBuildFile; fileRef = 10C44A4328FE98B700D35C83 /* SignLines.swift */; };
		10C44A4928FE98B700D35C83 /* Stars.swift in Sources */ = {isa = PBXBuildFile; fileRef = 10C44A4428FE98B700D35C83 /* Stars.swift */; };
/* End PBXBuildFile section */

/* Begin PBXFileReference section */
		10C44A0A28FE8EAA00D35C83 /* Cosmos.app */ = {isa = PBXFileReference; explicitFileType = wrapper.application; includeInIndex = 0; path = Cosmos.app; sourceTree = BUILT_PRODUCTS_DIR; };
		10C44A0D28FE8EAA00D35C83 /* AppDelegate.swift */ = {isa = PBXFileReference; lastKnownFileType = sourcecode.swift; path = AppDelegate.swift; sourceTree = "<group>"; };
		10C44A0F28FE8EAA00D35C83 /* SceneDelegate.swift */ = {isa = PBXFileReference; lastKnownFileType = sourcecode.swift; path = SceneDelegate.swift; sourceTree = "<group>"; };
		10C44A1128FE8EAA00D35C83 /* ViewController.swift */ = {isa = PBXFileReference; lastKnownFileType = sourcecode.swift; path = ViewController.swift; sourceTree = "<group>"; };
		10C44A1428FE8EAA00D35C83 /* Base */ = {isa = PBXFileReference; lastKnownFileType = file.storyboard; name = Base; path = Base.lproj/Main.storyboard; sourceTree = "<group>"; };
		10C44A1628FE8EAB00D35C83 /* Assets.xcassets */ = {isa = PBXFileReference; lastKnownFileType = folder.assetcatalog; path = Assets.xcassets; sourceTree = "<group>"; };
		10C44A1928FE8EAB00D35C83 /* Base */ = {isa = PBXFileReference; lastKnownFileType = file.storyboard; name = Base; path = Base.lproj/LaunchScreen.storyboard; sourceTree = "<group>"; };
		10C44A1B28FE8EAB00D35C83 /* Info.plist */ = {isa = PBXFileReference; lastKnownFileType = text.plist.xml; path = Info.plist; sourceTree = "<group>"; };
		10C44A2428FE988E00D35C83 /* tick.mp3 */ = {isa = PBXFileReference; lastKnownFileType = audio.mp3; path = tick.mp3; sourceTree = "<group>"; };
		10C44A2528FE988E00D35C83 /* audio2.mp3 */ = {isa = PBXFileReference; lastKnownFileType = audio.mp3; path = audio2.mp3; sourceTree = "<group>"; };
		10C44A2628FE988E00D35C83 /* audio1.mp3 */ = {isa = PBXFileReference; lastKnownFileType = audio.mp3; path = audio1.mp3; sourceTree = "<group>"; };
		10C44A2728FE988E00D35C83 /* menuClose.mp3 */ = {isa = PBXFileReference; lastKnownFileType = audio.mp3; path = menuClose.mp3; sourceTree = "<group>"; };
		10C44A2828FE988E00D35C83 /* menuOpen.mp3 */ = {isa = PBXFileReference; lastKnownFileType = audio.mp3; path = menuOpen.mp3; sourceTree = "<group>"; };
		10C44A2E28FE989800D35C83 /* InfoPanel.swift */ = {isa = PBXFileReference; fileEncoding = 4; lastKnownFileType = sourcecode.swift; path = InfoPanel.swift; sourceTree = "<group>"; };
		10C44A2F28FE989800D35C83 /* AstrologicalSignProvider.swift */ = {isa = PBXFileReference; fileEncoding = 4; lastKnownFileType = sourcecode.swift; path = AstrologicalSignProvider.swift; sourceTree = "<group>"; };
		10C44A3028FE989800D35C83 /* InfiniteScrollView.swift */ = {isa = PBXFileReference; fileEncoding = 4; lastKnownFileType = sourcecode.swift; path = InfiniteScrollView.swift; sourceTree = "<group>"; };
		10C44A3528FE98A200D35C83 /* MenuRings.swift */ = {isa = PBXFileReference; fileEncoding = 4; lastKnownFileType = sourcecode.swift; path = MenuRings.swift; sourceTree = "<group>"; };
		10C44A3628FE98A200D35C83 /* MenuSelector.swift */ = {isa = PBXFileReference; fileEncoding = 4; lastKnownFileType = sourcecode.swift; path = MenuSelector.swift; sourceTree = "<group>"; };
		10C44A3728FE98A200D35C83 /* Menu.swift */ = {isa = PBXFileReference; fileEncoding = 4; lastKnownFileType = sourcecode.swift; path = Menu.swift; sourceTree = "<group>"; };
		10C44A3828FE98A200D35C83 /* MenuShadow.swift */ = {isa = PBXFileReference; fileEncoding = 4; lastKnownFileType = sourcecode.swift; path = MenuShadow.swift; sourceTree = "<group>"; };
		10C44A3928FE98A200D35C83 /* MenuIcons.swift */ = {isa = PBXFileReference; fileEncoding = 4; lastKnownFileType = sourcecode.swift; path = MenuIcons.swift; sourceTree = "<group>"; };
		10C44A4028FE98B700D35C83 /* StarsBackground.swift */ = {isa = PBXFileReference; fileEncoding = 4; lastKnownFileType = sourcecode.swift; path = StarsBackground.swift; sourceTree = "<group>"; };
		10C44A4128FE98B700D35C83 /* StarsSmall.swift */ = {isa = PBXFileReference; fileEncoding = 4; lastKnownFileType = sourcecode.swift; path = StarsSmall.swift; sourceTree = "<group>"; };
		10C44A4228FE98B700D35C83 /* StarsBig.swift */ = {isa = PBXFileReference; fileEncoding = 4; lastKnownFileType = sourcecode.swift; path = StarsBig.swift; sourceTree = "<group>"; };
		10C44A4328FE98B700D35C83 /* SignLines.swift */ = {isa = PBXFileReference; fileEncoding = 4; lastKnownFileType = sourcecode.swift; path = SignLines.swift; sourceTree = "<group>"; };
		10C44A4428FE98B700D35C83 /* Stars.swift */ = {isa = PBXFileReference; fileEncoding = 4; lastKnownFileType = sourcecode.swift; path = Stars.swift; sourceTree = "<group>"; };
/* End PBXFileReference section */

/* Begin PBXFrameworksBuildPhase section */
		10C44A0728FE8EAA00D35C83 /* Frameworks */ = {
			isa = PBXFrameworksBuildPhase;
			buildActionMask = 2147483647;
			files = (
			);
			runOnlyForDeploymentPostprocessing = 0;
		};
/* End PBXFrameworksBuildPhase section */

/* Begin PBXGroup section */
		10C44A0128FE8EAA00D35C83 = {
			isa = PBXGroup;
			children = (
				10C44A0C28FE8EAA00D35C83 /* Cosmos */,
				10C44A0B28FE8EAA00D35C83 /* Products */,
			);
			sourceTree = "<group>";
		};
		10C44A0B28FE8EAA00D35C83 /* Products */ = {
			isa = PBXGroup;
			children = (
				10C44A0A28FE8EAA00D35C83 /* Cosmos.app */,
			);
			name = Products;
			sourceTree = "<group>";
		};
		10C44A0C28FE8EAA00D35C83 /* Cosmos */ = {
			isa = PBXGroup;
			children = (
				10C44A2328FE987800D35C83 /* source */,
				10C44A2228FE987300D35C83 /* res */,
				10C44A0D28FE8EAA00D35C83 /* AppDelegate.swift */,
				10C44A0F28FE8EAA00D35C83 /* SceneDelegate.swift */,
				10C44A1128FE8EAA00D35C83 /* ViewController.swift */,
				10C44A1328FE8EAA00D35C83 /* Main.storyboard */,
				10C44A1628FE8EAB00D35C83 /* Assets.xcassets */,
				10C44A1828FE8EAB00D35C83 /* LaunchScreen.storyboard */,
				10C44A1B28FE8EAB00D35C83 /* Info.plist */,
			);
			path = Cosmos;
			sourceTree = "<group>";
		};
		10C44A2228FE987300D35C83 /* res */ = {
			isa = PBXGroup;
			children = (
				10C44A2628FE988E00D35C83 /* audio1.mp3 */,
				10C44A2528FE988E00D35C83 /* audio2.mp3 */,
				10C44A2728FE988E00D35C83 /* menuClose.mp3 */,
				10C44A2828FE988E00D35C83 /* menuOpen.mp3 */,
				10C44A2428FE988E00D35C83 /* tick.mp3 */,
			);
			path = res;
			sourceTree = "<group>";
		};
		10C44A2328FE987800D35C83 /* source */ = {
			isa = PBXGroup;
			children = (
				10C44A2F28FE989800D35C83 /* AstrologicalSignProvider.swift */,
				10C44A3028FE989800D35C83 /* InfiniteScrollView.swift */,
				10C44A2E28FE989800D35C83 /* InfoPanel.swift */,
				10C44A3F28FE98A600D35C83 /* background */,
				10C44A3428FE989A00D35C83 /* menu */,
			);
			path = source;
			sourceTree = "<group>";
		};
		10C44A3428FE989A00D35C83 /* menu */ = {
			isa = PBXGroup;
			children = (
				10C44A3728FE98A200D35C83 /* Menu.swift */,
				10C44A3928FE98A200D35C83 /* MenuIcons.swift */,
				10C44A3528FE98A200D35C83 /* MenuRings.swift */,
				10C44A3628FE98A200D35C83 /* MenuSelector.swift */,
				10C44A3828FE98A200D35C83 /* MenuShadow.swift */,
			);
			path = menu;
			sourceTree = "<group>";
		};
		10C44A3F28FE98A600D35C83 /* background */ = {
			isa = PBXGroup;
			children = (
				10C44A4328FE98B700D35C83 /* SignLines.swift */,
				10C44A4428FE98B700D35C83 /* Stars.swift */,
				10C44A4028FE98B700D35C83 /* StarsBackground.swift */,
				10C44A4228FE98B700D35C83 /* StarsBig.swift */,
				10C44A4128FE98B700D35C83 /* StarsSmall.swift */,
			);
			path = background;
			sourceTree = "<group>";
		};
/* End PBXGroup section */

/* Begin PBXNativeTarget section */
		10C44A0928FE8EAA00D35C83 /* Cosmos */ = {
			isa = PBXNativeTarget;
			buildConfigurationList = 10C44A1E28FE8EAB00D35C83 /* Build configuration list for PBXNativeTarget "Cosmos" */;
			buildPhases = (
				10C44A0628FE8EAA00D35C83 /* Sources */,
				10C44A0728FE8EAA00D35C83 /* Frameworks */,
				10C44A0828FE8EAA00D35C83 /* Resources */,
			);
			buildRules = (
			);
			dependencies = (
			);
			name = Cosmos;
			productName = Cosmos;
			productReference = 10C44A0A28FE8EAA00D35C83 /* Cosmos.app */;
			productType = "com.apple.product-type.application";
		};
/* End PBXNativeTarget section */

/* Begin PBXProject section */
		10C44A0228FE8EAA00D35C83 /* Project object */ = {
			isa = PBXProject;
			attributes = {
				BuildIndependentTargetsInParallel = 1;
				LastSwiftUpdateCheck = 1400;
				LastUpgradeCheck = 1400;
				TargetAttributes = {
					10C44A0928FE8EAA00D35C83 = {
						CreatedOnToolsVersion = 14.0.1;
					};
				};
			};
			buildConfigurationList = 10C44A0528FE8EAA00D35C83 /* Build configuration list for PBXProject "Cosmos" */;
			compatibilityVersion = "Xcode 13.0";
			developmentRegion = en;
			hasScannedForEncodings = 0;
			knownRegions = (
				en,
				Base,
			);
			mainGroup = 10C44A0128FE8EAA00D35C83;
			productRefGroup = 10C44A0B28FE8EAA00D35C83 /* Products */;
			projectDirPath = "";
			projectRoot = "";
			targets = (
				10C44A0928FE8EAA00D35C83 /* Cosmos */,
			);
		};
/* End PBXProject section */

/* Begin PBXResourcesBuildPhase section */
		10C44A0828FE8EAA00D35C83 /* Resources */ = {
			isa = PBXResourcesBuildPhase;
			buildActionMask = 2147483647;
			files = (
				10C44A1A28FE8EAB00D35C83 /* LaunchScreen.storyboard in Resources */,
				10C44A2D28FE988F00D35C83 /* menuOpen.mp3 in Resources */,
				10C44A2928FE988E00D35C83 /* tick.mp3 in Resources */,
				10C44A2A28FE988E00D35C83 /* audio2.mp3 in Resources */,
				10C44A1728FE8EAB00D35C83 /* Assets.xcassets in Resources */,
				10C44A1528FE8EAA00D35C83 /* Main.storyboard in Resources */,
				10C44A2C28FE988F00D35C83 /* menuClose.mp3 in Resources */,
				10C44A2B28FE988E00D35C83 /* audio1.mp3 in Resources */,
			);
			runOnlyForDeploymentPostprocessing = 0;
		};
/* End PBXResourcesBuildPhase section */

/* Begin PBXSourcesBuildPhase section */
		10C44A0628FE8EAA00D35C83 /* Sources */ = {
			isa = PBXSourcesBuildPhase;
			buildActionMask = 2147483647;
			files = (
				10C44A1228FE8EAA00D35C83 /* ViewController.swift in Sources */,
				10C44A3228FE989800D35C83 /* AstrologicalSignProvider.swift in Sources */,
				10C44A0E28FE8EAA00D35C83 /* AppDelegate.swift in Sources */,
				10C44A4928FE98B700D35C83 /* Stars.swift in Sources */,
				10C44A3B28FE98A200D35C83 /* MenuSelector.swift in Sources */,
				10C44A3328FE989800D35C83 /* InfiniteScrollView.swift in Sources */,
				10C44A3128FE989800D35C83 /* InfoPanel.swift in Sources */,
				10C44A3C28FE98A200D35C83 /* Menu.swift in Sources */,
				10C44A1028FE8EAA00D35C83 /* SceneDelegate.swift in Sources */,
				10C44A4728FE98B700D35C83 /* StarsBig.swift in Sources */,
				10C44A3D28FE98A200D35C83 /* MenuShadow.swift in Sources */,
				10C44A4828FE98B700D35C83 /* SignLines.swift in Sources */,
				10C44A4628FE98B700D35C83 /* StarsSmall.swift in Sources */,
				10C44A4528FE98B700D35C83 /* StarsBackground.swift in Sources */,
				10C44A3A28FE98A200D35C83 /* MenuRings.swift in Sources */,
				10C44A3E28FE98A200D35C83 /* MenuIcons.swift in Sources */,
			);
			runOnlyForDeploymentPostprocessing = 0;
		};
/* End PBXSourcesBuildPhase section */

/* Begin PBXVariantGroup section */
		10C44A1328FE8EAA00D35C83 /* Main.storyboard */ = {
			isa = PBXVariantGroup;
			children = (
				10C44A1428FE8EAA00D35C83 /* Base */,
			);
			name = Main.storyboard;
			sourceTree = "<group>";
		};
		10C44A1828FE8EAB00D35C83 /* LaunchScreen.storyboard */ = {
			isa = PBXVariantGroup;
			children = (
				10C44A1928FE8EAB00D35C83 /* Base */,
			);
			name = LaunchScreen.storyboard;
			sourceTree = "<group>";
		};
/* End PBXVariantGroup section */

/* Begin XCBuildConfiguration section */
		10C44A1C28FE8EAB00D35C83 /* Debug */ = {
			isa = XCBuildConfiguration;
			buildSettings = {
				ALWAYS_SEARCH_USER_PATHS = NO;
				CLANG_ANALYZER_NONNULL = YES;
				CLANG_ANALYZER_NUMBER_OBJECT_CONVERSION = YES_AGGRESSIVE;
				CLANG_CXX_LANGUAGE_STANDARD = "gnu++20";
				CLANG_ENABLE_MODULES = YES;
				CLANG_ENABLE_OBJC_ARC = YES;
				CLANG_ENABLE_OBJC_WEAK = YES;
				CLANG_WARN_BLOCK_CAPTURE_AUTORELEASING = YES;
				CLANG_WARN_BOOL_CONVERSION = YES;
				CLANG_WARN_COMMA = YES;
				CLANG_WARN_CONSTANT_CONVERSION = YES;
				CLANG_WARN_DEPRECATED_OBJC_IMPLEMENTATIONS = YES;
				CLANG_WARN_DIRECT_OBJC_ISA_USAGE = YES_ERROR;
				CLANG_WARN_DOCUMENTATION_COMMENTS = YES;
				CLANG_WARN_EMPTY_BODY = YES;
				CLANG_WARN_ENUM_CONVERSION = YES;
				CLANG_WARN_INFINITE_RECURSION = YES;
				CLANG_WARN_INT_CONVERSION = YES;
				CLANG_WARN_NON_LITERAL_NULL_CONVERSION = YES;
				CLANG_WARN_OBJC_IMPLICIT_RETAIN_SELF = YES;
				CLANG_WARN_OBJC_LITERAL_CONVERSION = YES;
				CLANG_WARN_OBJC_ROOT_CLASS = YES_ERROR;
				CLANG_WARN_QUOTED_INCLUDE_IN_FRAMEWORK_HEADER = YES;
				CLANG_WARN_RANGE_LOOP_ANALYSIS = YES;
				CLANG_WARN_STRICT_PROTOTYPES = YES;
				CLANG_WARN_SUSPICIOUS_MOVE = YES;
				CLANG_WARN_UNGUARDED_AVAILABILITY = YES_AGGRESSIVE;
				CLANG_WARN_UNREACHABLE_CODE = YES;
				CLANG_WARN__DUPLICATE_METHOD_MATCH = YES;
				COPY_PHASE_STRIP = NO;
				DEBUG_INFORMATION_FORMAT = dwarf;
				ENABLE_STRICT_OBJC_MSGSEND = YES;
				ENABLE_TESTABILITY = YES;
				GCC_C_LANGUAGE_STANDARD = gnu11;
				GCC_DYNAMIC_NO_PIC = NO;
				GCC_NO_COMMON_BLOCKS = YES;
				GCC_OPTIMIZATION_LEVEL = 0;
				GCC_PREPROCESSOR_DEFINITIONS = (
					"DEBUG=1",
					"$(inherited)",
				);
				GCC_WARN_64_TO_32_BIT_CONVERSION = YES;
				GCC_WARN_ABOUT_RETURN_TYPE = YES_ERROR;
				GCC_WARN_UNDECLARED_SELECTOR = YES;
				GCC_WARN_UNINITIALIZED_AUTOS = YES_AGGRESSIVE;
				GCC_WARN_UNUSED_FUNCTION = YES;
				GCC_WARN_UNUSED_VARIABLE = YES;
				IPHONEOS_DEPLOYMENT_TARGET = 16.0;
				MTL_ENABLE_DEBUG_INFO = INCLUDE_SOURCE;
				MTL_FAST_MATH = YES;
				ONLY_ACTIVE_ARCH = YES;
				SDKROOT = iphoneos;
				SWIFT_ACTIVE_COMPILATION_CONDITIONS = DEBUG;
				SWIFT_OPTIMIZATION_LEVEL = "-Onone";
			};
			name = Debug;
		};
		10C44A1D28FE8EAB00D35C83 /* Release */ = {
			isa = XCBuildConfiguration;
			buildSettings = {
				ALWAYS_SEARCH_USER_PATHS = NO;
				CLANG_ANALYZER_NONNULL = YES;
				CLANG_ANALYZER_NUMBER_OBJECT_CONVERSION = YES_AGGRESSIVE;
				CLANG_CXX_LANGUAGE_STANDARD = "gnu++20";
				CLANG_ENABLE_MODULES = YES;
				CLANG_ENABLE_OBJC_ARC = YES;
				CLANG_ENABLE_OBJC_WEAK = YES;
				CLANG_WARN_BLOCK_CAPTURE_AUTORELEASING = YES;
				CLANG_WARN_BOOL_CONVERSION = YES;
				CLANG_WARN_COMMA = YES;
				CLANG_WARN_CONSTANT_CONVERSION = YES;
				CLANG_WARN_DEPRECATED_OBJC_IMPLEMENTATIONS = YES;
				CLANG_WARN_DIRECT_OBJC_ISA_USAGE = YES_ERROR;
				CLANG_WARN_DOCUMENTATION_COMMENTS = YES;
				CLANG_WARN_EMPTY_BODY = YES;
				CLANG_WARN_ENUM_CONVERSION = YES;
				CLANG_WARN_INFINITE_RECURSION = YES;
				CLANG_WARN_INT_CONVERSION = YES;
				CLANG_WARN_NON_LITERAL_NULL_CONVERSION = YES;
				CLANG_WARN_OBJC_IMPLICIT_RETAIN_SELF = YES;
				CLANG_WARN_OBJC_LITERAL_CONVERSION = YES;
				CLANG_WARN_OBJC_ROOT_CLASS = YES_ERROR;
				CLANG_WARN_QUOTED_INCLUDE_IN_FRAMEWORK_HEADER = YES;
				CLANG_WARN_RANGE_LOOP_ANALYSIS = YES;
				CLANG_WARN_STRICT_PROTOTYPES = YES;
				CLANG_WARN_SUSPICIOUS_MOVE = YES;
				CLANG_WARN_UNGUARDED_AVAILABILITY = YES_AGGRESSIVE;
				CLANG_WARN_UNREACHABLE_CODE = YES;
				CLANG_WARN__DUPLICATE_METHOD_MATCH = YES;
				COPY_PHASE_STRIP = NO;
				DEBUG_INFORMATION_FORMAT = "dwarf-with-dsym";
				ENABLE_NS_ASSERTIONS = NO;
				ENABLE_STRICT_OBJC_MSGSEND = YES;
				GCC_C_LANGUAGE_STANDARD = gnu11;
				GCC_NO_COMMON_BLOCKS = YES;
				GCC_WARN_64_TO_32_BIT_CONVERSION = YES;
				GCC_WARN_ABOUT_RETURN_TYPE = YES_ERROR;
				GCC_WARN_UNDECLARED_SELECTOR = YES;
				GCC_WARN_UNINITIALIZED_AUTOS = YES_AGGRESSIVE;
				GCC_WARN_UNUSED_FUNCTION = YES;
				GCC_WARN_UNUSED_VARIABLE = YES;
				IPHONEOS_DEPLOYMENT_TARGET = 16.0;
				MTL_ENABLE_DEBUG_INFO = NO;
				MTL_FAST_MATH = YES;
				SDKROOT = iphoneos;
				SWIFT_COMPILATION_MODE = wholemodule;
				SWIFT_OPTIMIZATION_LEVEL = "-O";
				VALIDATE_PRODUCT = YES;
			};
			name = Release;
		};
		10C44A1F28FE8EAB00D35C83 /* Debug */ = {
			isa = XCBuildConfiguration;
			buildSettings = {
				ASSETCATALOG_COMPILER_APPICON_NAME = AppIcon;
				ASSETCATALOG_COMPILER_GLOBAL_ACCENT_COLOR_NAME = AccentColor;
				CODE_SIGN_STYLE = Automatic;
				CURRENT_PROJECT_VERSION = 1;
				DEVELOPMENT_TEAM = "";
				GENERATE_INFOPLIST_FILE = YES;
				INFOPLIST_FILE = Cosmos/Info.plist;
				INFOPLIST_KEY_UIApplicationSupportsIndirectInputEvents = YES;
				INFOPLIST_KEY_UILaunchStoryboardName = LaunchScreen;
				INFOPLIST_KEY_UIMainStoryboardFile = Main;
				INFOPLIST_KEY_UISupportedInterfaceOrientations_iPad = "UIInterfaceOrientationPortrait UIInterfaceOrientationPortraitUpsideDown UIInterfaceOrientationLandscapeLeft UIInterfaceOrientationLandscapeRight";
				INFOPLIST_KEY_UISupportedInterfaceOrientations_iPhone = "UIInterfaceOrientationPortrait UIInterfaceOrientationLandscapeLeft UIInterfaceOrientationLandscapeRight";
				IPHONEOS_DEPLOYMENT_TARGET = 14.0;
				LD_RUNPATH_SEARCH_PATHS = (
					"$(inherited)",
					"@executable_path/Frameworks",
				);
				MARKETING_VERSION = 1.0;
				PRODUCT_BUNDLE_IDENTIFIER = com.demo.cosmos.Cosmos;
				PRODUCT_NAME = "$(TARGET_NAME)";
				SWIFT_EMIT_LOC_STRINGS = YES;
				SWIFT_VERSION = 5.0;
				TARGETED_DEVICE_FAMILY = "1,2";
			};
			name = Debug;
		};
		10C44A2028FE8EAB00D35C83 /* Release */ = {
			isa = XCBuildConfiguration;
			buildSettings = {
				ASSETCATALOG_COMPILER_APPICON_NAME = AppIcon;
				ASSETCATALOG_COMPILER_GLOBAL_ACCENT_COLOR_NAME = AccentColor;
				CODE_SIGN_STYLE = Automatic;
				CURRENT_PROJECT_VERSION = 1;
				DEVELOPMENT_TEAM = "";
				GENERATE_INFOPLIST_FILE = YES;
				INFOPLIST_FILE = Cosmos/Info.plist;
				INFOPLIST_KEY_UIApplicationSupportsIndirectInputEvents = YES;
				INFOPLIST_KEY_UILaunchStoryboardName = LaunchScreen;
				INFOPLIST_KEY_UIMainStoryboardFile = Main;
				INFOPLIST_KEY_UISupportedInterfaceOrientations_iPad = "UIInterfaceOrientationPortrait UIInterfaceOrientationPortraitUpsideDown UIInterfaceOrientationLandscapeLeft UIInterfaceOrientationLandscapeRight";
				INFOPLIST_KEY_UISupportedInterfaceOrientations_iPhone = "UIInterfaceOrientationPortrait UIInterfaceOrientationLandscapeLeft UIInterfaceOrientationLandscapeRight";
				IPHONEOS_DEPLOYMENT_TARGET = 14.0;
				LD_RUNPATH_SEARCH_PATHS = (
					"$(inherited)",
					"@executable_path/Frameworks",
				);
				MARKETING_VERSION = 1.0;
				PRODUCT_BUNDLE_IDENTIFIER = com.demo.cosmos.Cosmos;
				PRODUCT_NAME = "$(TARGET_NAME)";
				SWIFT_EMIT_LOC_STRINGS = YES;
				SWIFT_VERSION = 5.0;
				TARGETED_DEVICE_FAMILY = "1,2";
			};
			name = Release;
		};
/* End XCBuildConfiguration section */

/* Begin XCConfigurationList section */
		10C44A0528FE8EAA00D35C83 /* Build configuration list for PBXProject "Cosmos" */ = {
			isa = XCConfigurationList;
			buildConfigurations = (
				10C44A1C28FE8EAB00D35C83 /* Debug */,
				10C44A1D28FE8EAB00D35C83 /* Release */,
			);
			defaultConfigurationIsVisible = 0;
			defaultConfigurationName = Release;
		};
		10C44A1E28FE8EAB00D35C83 /* Build configuration list for PBXNativeTarget "Cosmos" */ = {
			isa = XCConfigurationList;
			buildConfigurations = (
				10C44A1F28FE8EAB00D35C83 /* Debug */,
				10C44A2028FE8EAB00D35C83 /* Release */,
			);
			defaultConfigurationIsVisible = 0;
			defaultConfigurationName = Release;
		};
/* End XCConfigurationList section */
	};
	rootObject = 10C44A0228FE8EAA00D35C83 /* Project object */;
}
